
Microsoft Visual Studio Solution File, Format Version 13.00
# Visual Studio 2013
Project("{FAE04EC0-301F-11D3-BF4B-00C04F79EFBC}") = "DragandDropDemo_2013", "DragandDropDemo_2013.csproj", "{FE150A87-943E-43AB-9E9C-51444F542094}"
EndProject
Global
	GlobalSection(SolutionConfigurationPlatforms) = preSolution
		Debug|Any CPU = Debug|Any CPU
		Release|Any CPU = Release|Any CPU
	EndGlobalSection
	GlobalSection(ProjectConfigurationPlatforms) = postSolution
		{FE150A87-943E-43AB-9E9C-51444F542094}.Debug|Any CPU.ActiveCfg = Debug|Any CPU
		{FE150A87-943E-43AB-9E9C-51444F542094}.Debug|Any CPU.Build.0 = Debug|Any CPU
		{FE150A87-943E-43AB-9E9C-51444F542094}.Release|Any CPU.ActiveCfg = Release|Any CPU
		{FE150A87-943E-43AB-9E9C-51444F542094}.Release|Any CPU.Build.0 = Release|Any CPU
	EndGlobalSection
	GlobalSection(SolutionProperties) = preSolution
		HideSolutionNode = FALSE
	EndGlobalSection
EndGlobal
